
Microsoft Visual Studio Solution File, Format Version 12.00
# Visual Studio Version 16
VisualStudioVersion = 16.0.31702.278
MinimumVisualStudioVersion = 10.0.40219.1
Project("{FAE04EC0-301F-11D3-BF4B-00C04F79EFBC}") = "Lab001", "Lab001\Lab001.csproj", "{77ABFCC3-38DC-4336-959A-B99902009655}"
EndProject
Global
	GlobalSection(SolutionConfigurationPlatforms) = preSolution
		Debug|Any CPU = Debug|Any CPU
		Release|Any CPU = Release|Any CPU
	EndGlobalSection
	GlobalSection(ProjectConfigurationPlatforms) = postSolution
		{77ABFCC3-38DC-4336-959A-B99902009655}.Debug|Any CPU.ActiveCfg = Debug|Any CPU
		{77ABFCC3-38DC-4336-959A-B99902009655}.Debug|Any CPU.Build.0 = Debug|Any CPU
		{77ABFCC3-38DC-4336-959A-B99902009655}.Release|Any CPU.ActiveCfg = Release|Any CPU
		{77ABFCC3-38DC-4336-959A-B99902009655}.Release|Any CPU.Build.0 = Release|Any CPU
	EndGlobalSection
	GlobalSection(SolutionProperties) = preSolution
		HideSolutionNode = FALSE
	EndGlobalSection
	GlobalSection(ExtensibilityGlobals) = postSolution
		SolutionGuid = {7CCCD7C3-662E-45BD-8768-47C5AFAD566D}
	EndGlobalSection
EndGlobal
