
Microsoft Visual Studio Solution File, Format Version 12.00
# Visual Studio Version 16
VisualStudioVersion = 16.0.31515.178
MinimumVisualStudioVersion = 10.0.40219.1
Project("{9A19103F-16F7-4668-BE54-9A1E7A4F7556}") = "MovieLibrary.ConsoleHost", "MovieLibrary.ConsoleHost\MovieLibrary.ConsoleHost.csproj", "{AD7B4E97-4C2C-4DBF-896E-E618DF53D5C6}"
EndProject
Project("{FAE04EC0-301F-11D3-BF4B-00C04F79EFBC}") = "MovieLibrary", "MovieLibrary\MovieLibrary.csproj", "{0D938EE8-AAA9-43DC-93CD-75DB3C2D6486}"
EndProject
Global
	GlobalSection(SolutionConfigurationPlatforms) = preSolution
		Debug|Any CPU = Debug|Any CPU
		Release|Any CPU = Release|Any CPU
	EndGlobalSection
	GlobalSection(ProjectConfigurationPlatforms) = postSolution
		{AD7B4E97-4C2C-4DBF-896E-E618DF53D5C6}.Debug|Any CPU.ActiveCfg = Debug|Any CPU
		{AD7B4E97-4C2C-4DBF-896E-E618DF53D5C6}.Debug|Any CPU.Build.0 = Debug|Any CPU
		{AD7B4E97-4C2C-4DBF-896E-E618DF53D5C6}.Release|Any CPU.ActiveCfg = Release|Any CPU
		{AD7B4E97-4C2C-4DBF-896E-E618DF53D5C6}.Release|Any CPU.Build.0 = Release|Any CPU
		{0D938EE8-AAA9-43DC-93CD-75DB3C2D6486}.Debug|Any CPU.ActiveCfg = Debug|Any CPU
		{0D938EE8-AAA9-43DC-93CD-75DB3C2D6486}.Debug|Any CPU.Build.0 = Debug|Any CPU
		{0D938EE8-AAA9-43DC-93CD-75DB3C2D6486}.Release|Any CPU.ActiveCfg = Release|Any CPU
		{0D938EE8-AAA9-43DC-93CD-75DB3C2D6486}.Release|Any CPU.Build.0 = Release|Any CPU
	EndGlobalSection
	GlobalSection(SolutionProperties) = preSolution
		HideSolutionNode = FALSE
	EndGlobalSection
	GlobalSection(ExtensibilityGlobals) = postSolution
		SolutionGuid = {28537E7A-0877-4938-BF92-DDD08C18CC23}
	EndGlobalSection
EndGlobal
